
Microsoft Visual Studio Solution File, Format Version 12.00
# Visual Studio Version 17
VisualStudioVersion = 17.0.31903.59
MinimumVisualStudioVersion = 10.0.40219.1
Project("{FAE04EC0-301F-11D3-BF4B-00C04F79EFBC}") = "PaymentContext.Domain", "PaymentContext.Domain\PaymentContext.Domain.csproj", "{0D50253E-1369-4461-84B0-0F3BBDF257E9}"
EndProject
Project("{FAE04EC0-301F-11D3-BF4B-00C04F79EFBC}") = "PaymentContext.Shared", "PaymentContext.Shared\PaymentContext.Shared.csproj", "{CF9AA020-D656-49C0-8567-F28ABB76A711}"
EndProject
Project("{FAE04EC0-301F-11D3-BF4B-00C04F79EFBC}") = "PaymentContext.Tests", "PaymentContext.Tests\PaymentContext.Tests.csproj", "{C8EF5801-92A0-4762-9204-2863A4B8D8D5}"
EndProject
Global
	GlobalSection(SolutionConfigurationPlatforms) = preSolution
		Debug|Any CPU = Debug|Any CPU
		Release|Any CPU = Release|Any CPU
	EndGlobalSection
	GlobalSection(SolutionProperties) = preSolution
		HideSolutionNode = FALSE
	EndGlobalSection
	GlobalSection(ProjectConfigurationPlatforms) = postSolution
		{0D50253E-1369-4461-84B0-0F3BBDF257E9}.Debug|Any CPU.ActiveCfg = Debug|Any CPU
		{0D50253E-1369-4461-84B0-0F3BBDF257E9}.Debug|Any CPU.Build.0 = Debug|Any CPU
		{0D50253E-1369-4461-84B0-0F3BBDF257E9}.Release|Any CPU.ActiveCfg = Release|Any CPU
		{0D50253E-1369-4461-84B0-0F3BBDF257E9}.Release|Any CPU.Build.0 = Release|Any CPU
		{CF9AA020-D656-49C0-8567-F28ABB76A711}.Debug|Any CPU.ActiveCfg = Debug|Any CPU
		{CF9AA020-D656-49C0-8567-F28ABB76A711}.Debug|Any CPU.Build.0 = Debug|Any CPU
		{CF9AA020-D656-49C0-8567-F28ABB76A711}.Release|Any CPU.ActiveCfg = Release|Any CPU
		{CF9AA020-D656-49C0-8567-F28ABB76A711}.Release|Any CPU.Build.0 = Release|Any CPU
		{C8EF5801-92A0-4762-9204-2863A4B8D8D5}.Debug|Any CPU.ActiveCfg = Debug|Any CPU
		{C8EF5801-92A0-4762-9204-2863A4B8D8D5}.Debug|Any CPU.Build.0 = Debug|Any CPU
		{C8EF5801-92A0-4762-9204-2863A4B8D8D5}.Release|Any CPU.ActiveCfg = Release|Any CPU
		{C8EF5801-92A0-4762-9204-2863A4B8D8D5}.Release|Any CPU.Build.0 = Release|Any CPU
	EndGlobalSection
EndGlobal
